
Microsoft Visual Studio Solution File, Format Version 12.00
# Visual Studio Version 16
VisualStudioVersion = 16.0.30330.147
MinimumVisualStudioVersion = 10.0.40219.1
Project("{2150E333-8FDC-42A3-9474-1A3956D46DE8}") = "BuildTools", "BuildTools", "{6CA4653C-BD22-4742-84F4-9FB8E14C7163}"
	ProjectSection(SolutionItems) = preProject
		README.md = README.md
	EndProjectSection
EndProject
Project("{2150E333-8FDC-42A3-9474-1A3956D46DE8}") = "Misc", "Misc", "{8718CD30-666C-4ACA-A7A2-EC14E4D7E225}"
	ProjectSection(SolutionItems) = preProject
		.clang-format = .clang-format
		.editorconfig = .editorconfig
		.gitignore = .gitignore
		gitupdate.py = gitupdate.py
		LICENSE = LICENSE
	EndProjectSection
EndProject
Project("{9A19103F-16F7-4668-BE54-9A1E7A4F7556}") = "DoxygenBuild", "Content\DoxygenBuild\DoxygenBuild.csproj", "{A829EF28-A808-451A-8098-2016576429D4}"
EndProject
Project("{2150E333-8FDC-42A3-9474-1A3956D46DE8}") = "Targets", "Targets", "{155D58BD-169D-4888-9EF2-6BA664CB15B5}"
	ProjectSection(SolutionItems) = preProject
		BuildTools\Cloud.Documentation.targets = BuildTools\Cloud.Documentation.targets
		BuildTools\Cloud.Generator.targets = BuildTools\Cloud.Generator.targets
		BuildTools\Executable.targets = BuildTools\Executable.targets
		BuildTools\Library.targets = BuildTools\Library.targets
	EndProjectSection
EndProject
Project("{2150E333-8FDC-42A3-9474-1A3956D46DE8}") = "Properties", "Properties", "{3807C4E7-02D1-4480-BE97-34D0B9519A68}"
	ProjectSection(SolutionItems) = preProject
		BuildTools\Extras.props = BuildTools\Extras.props
		BuildTools\Globals.props = BuildTools\Globals.props
		BuildTools\Packaging.props = BuildTools\Packaging.props
		BuildTools\UnitTest.props = BuildTools\UnitTest.props
	EndProjectSection
EndProject
Global
	GlobalSection(SolutionConfigurationPlatforms) = preSolution
		Debug|Any CPU = Debug|Any CPU
		Release|Any CPU = Release|Any CPU
	EndGlobalSection
	GlobalSection(ProjectConfigurationPlatforms) = postSolution
		{A829EF28-A808-451A-8098-2016576429D4}.Debug|Any CPU.ActiveCfg = Debug|Any CPU
		{A829EF28-A808-451A-8098-2016576429D4}.Debug|Any CPU.Build.0 = Debug|Any CPU
		{A829EF28-A808-451A-8098-2016576429D4}.Release|Any CPU.ActiveCfg = Release|Any CPU
		{A829EF28-A808-451A-8098-2016576429D4}.Release|Any CPU.Build.0 = Release|Any CPU
	EndGlobalSection
	GlobalSection(SolutionProperties) = preSolution
		HideSolutionNode = FALSE
	EndGlobalSection
	GlobalSection(NestedProjects) = preSolution
		{8718CD30-666C-4ACA-A7A2-EC14E4D7E225} = {6CA4653C-BD22-4742-84F4-9FB8E14C7163}
		{155D58BD-169D-4888-9EF2-6BA664CB15B5} = {6CA4653C-BD22-4742-84F4-9FB8E14C7163}
		{3807C4E7-02D1-4480-BE97-34D0B9519A68} = {6CA4653C-BD22-4742-84F4-9FB8E14C7163}
	EndGlobalSection
	GlobalSection(ExtensibilityGlobals) = postSolution
		SolutionGuid = {0B4BE6E9-F7C1-4ADE-B5AE-70F7E6E93EEF}
	EndGlobalSection
EndGlobal
